// !$*UTF8*$!
{
	archiveVersion = 1;
	classes = {
	};
	objectVersion = 77;
	objects = {

/* Begin PBXBuildFile section */
		7A09D3B22FBACB500014E4C2 /* FirebaseCore in Frameworks */ = {isa = PBXBuildFile; productRef = 7A09D3B12FBACB500014E4C2 /* FirebaseCore */; };
		7A09D3B92FBAD07A0014E4C2 /* GoogleSignIn in Frameworks */ = {isa = PBXBuildFile; productRef = 7A09D3B82FBAD07A0014E4C2 /* GoogleSignIn */; };
		7A09D3BD2FBAD3100014E4C2 /* FirebaseAuth in Frameworks */ = {isa = PBXBuildFile; productRef = 7A09D3BC2FBAD3100014E4C2 /* FirebaseAuth */; };
/* End PBXBuildFile section */

/* Begin PBXContainerItemProxy section */
		7AD3488E2FBAA908001AB81D /* PBXContainerItemProxy */ = {
			isa = PBXContainerItemProxy;
			containerPortal = 7AD348752FBAA901001AB81D /* Project object */;
			proxyType = 1;
			remoteGlobalIDString = 7AD3487C2FBAA902001AB81D;
			remoteInfo = frontend;
		};
		7AD348982FBAA908001AB81D /* PBXContainerItemProxy */ = {
			isa = PBXContainerItemProxy;
			containerPortal = 7AD348752FBAA901001AB81D /* Project object */;
			proxyType = 1;
			remoteGlobalIDString = 7AD3487C2FBAA902001AB81D;
			remoteInfo = frontend;
		};
/* End PBXContainerItemProxy section */

/* Begin PBXFileReference section */
		7AD3487D2FBAA902001AB81D /* frontend.app */ = {isa = PBXFileReference; explicitFileType = wrapper.application; includeInIndex = 0; path = frontend.app; sourceTree = BUILT_PRODUCTS_DIR; };
		7AD3488D2FBAA908001AB81D /* frontendTests.xctest */ = {isa = PBXFileReference; explicitFileType = wrapper.cfbundle; includeInIndex = 0; path = frontendTests.xctest; sourceTree = BUILT_PRODUCTS_DIR; };
		7AD348972FBAA908001AB81D /* frontendUITests.xctest */ = {isa = PBXFileReference; explicitFileType = wrapper.cfbundle; includeInIndex = 0; path = frontendUITests.xctest; sourceTree = BUILT_PRODUCTS_DIR; };
/* End PBXFileReference section */

/* Begin PBXFileSystemSynchronizedBuildFileExceptionSet section */
		7A09D3B72FBACD910014E4C2 /* Exceptions for "frontend" folder in "frontend" target */ = {
			isa = PBXFileSystemSynchronizedBuildFileExceptionSet;
			membershipExceptions = (
				Info.plist,
			);
			target = 7AD3487C2FBAA902001AB81D /* frontend */;
		};
/* End PBXFileSystemSynchronizedBuildFileExceptionSet section */

/* Begin PBXFileSystemSynchronizedRootGroup section */
		7AD3487F2FBAA902001AB81D /* frontend */ = {
			isa = PBXFileSystemSynchronizedRootGroup;
			exceptions = (
				7A09D3B72FBACD910014E4C2 /* Exceptions for "frontend" folder in "frontend" target */,
			);
			path = frontend;
			sourceTree = "<group>";
		};
		7AD348902FBAA908001AB81D /* frontendTests */ = {
			isa = PBXFileSystemSynchronizedRootGroup;
			path = frontendTests;
			sourceTree = "<group>";
		};
		7AD3489A2FBAA908001AB81D /* frontendUITests */ = {
			isa = PBXFileSystemSynchronizedRootGroup;
			path = frontendUITests;
			sourceTree = "<group>";
		};
/* End PBXFileSystemSynchronizedRootGroup section */

/* Begin PBXFrameworksBuildPhase section */
		7AD3487A2FBAA902001AB81D /* Frameworks */ = {
			isa = PBXFrameworksBuildPhase;
			buildActionMask = 2147483647;
			files = (
				7A09D3B22FBACB500014E4C2 /* FirebaseCore in Frameworks */,
				7A09D3BD2FBAD3100014E4C2 /* FirebaseAuth in Frameworks */,
				7A09D3B92FBAD07A0014E4C2 /* GoogleSignIn in Frameworks */,
			);
			runOnlyForDeploymentPostprocessing = 0;
		};
		7AD3488A2FBAA908001AB81D /* Frameworks */ = {
			isa = PBXFrameworksBuildPhase;
			buildActionMask = 2147483647;
			files = (
			);
			runOnlyForDeploymentPostprocessing = 0;
		};
		7AD348942FBAA908001AB81D /* Frameworks */ = {
			isa = PBXFrameworksBuildPhase;
			buildActionMask = 2147483647;
			files = (
			);
			runOnlyForDeploymentPostprocessing = 0;
		};
/* End PBXFrameworksBuildPhase section */

/* Begin PBXGroup section */
		7A09D3B02FBACB500014E4C2 /* Frameworks */ = {
			isa = PBXGroup;
			children = (
			);
			name = Frameworks;
			sourceTree = "<group>";
		};
		7AD348742FBAA901001AB81D = {
			isa = PBXGroup;
			children = (
				7AD3487F2FBAA902001AB81D /* frontend */,
				7AD348902FBAA908001AB81D /* frontendTests */,
				7AD3489A2FBAA908001AB81D /* frontendUITests */,
				7A09D3B02FBACB500014E4C2 /* Frameworks */,
				7AD3487E2FBAA902001AB81D /* Products */,
			);
			sourceTree = "<group>";
		};
		7AD3487E2FBAA902001AB81D /* Products */ = {
			isa = PBXGroup;
			children = (
				7AD3487D2FBAA902001AB81D /* frontend.app */,
				7AD3488D2FBAA908001AB81D /* frontendTests.xctest */,
				7AD348972FBAA908001AB81D /* frontendUITests.xctest */,
			);
			name = Products;
			sourceTree = "<group>";
		};
/* End PBXGroup section */

/* Begin PBXNativeTarget section */
		7AD3487C2FBAA902001AB81D /* frontend */ = {
			isa = PBXNativeTarget;
			buildConfigurationList = 7AD348A12FBAA908001AB81D /* Build configuration list for PBXNativeTarget "frontend" */;
			buildPhases = (
				7AD348792FBAA902001AB81D /* Sources */,
				7AD3487A2FBAA902001AB81D /* Frameworks */,
				7AD3487B2FBAA902001AB81D /* Resources */,
			);
			buildRules = (
			);
			dependencies = (
			);
			fileSystemSynchronizedGroups = (
				7AD3487F2FBAA902001AB81D /* frontend */,
			);
			name = frontend;
			packageProductDependencies = (
				7A09D3B12FBACB500014E4C2 /* FirebaseCore */,
				7A09D3B82FBAD07A0014E4C2 /* GoogleSignIn */,
				7A09D3BC2FBAD3100014E4C2 /* FirebaseAuth */,
			);
			productName = frontend;
			productReference = 7AD3487D2FBAA902001AB81D /* frontend.app */;
			productType = "com.apple.product-type.application";
		};
		7AD3488C2FBAA908001AB81D /* frontendTests */ = {
			isa = PBXNativeTarget;
			buildConfigurationList = 7AD348A42FBAA908001AB81D /* Build configuration list for PBXNativeTarget "frontendTests" */;
			buildPhases = (
				7AD348892FBAA908001AB81D /* Sources */,
				7AD3488A2FBAA908001AB81D /* Frameworks */,
				7AD3488B2FBAA908001AB81D /* Resources */,
			);
			buildRules = (
			);
			dependencies = (
				7AD3488F2FBAA908001AB81D /* PBXTargetDependency */,
			);
			fileSystemSynchronizedGroups = (
				7AD348902FBAA908001AB81D /* frontendTests */,
			);
			name = frontendTests;
			packageProductDependencies = (
			);
			productName = frontendTests;
			productReference = 7AD3488D2FBAA908001AB81D /* frontendTests.xctest */;
			productType = "com.apple.product-type.bundle.unit-test";
		};
		7AD348962FBAA908001AB81D /* frontendUITests */ = {
			isa = PBXNativeTarget;
			buildConfigurationList = 7AD348A72FBAA908001AB81D /* Build configuration list for PBXNativeTarget "frontendUITests" */;
			buildPhases = (
				7AD348932FBAA908001AB81D /* Sources */,
				7AD348942FBAA908001AB81D /* Frameworks */,
				7AD348952FBAA908001AB81D /* Resources */,
			);
			buildRules = (
			);
			dependencies = (
				7AD348992FBAA908001AB81D /* PBXTargetDependency */,
			);
			fileSystemSynchronizedGroups = (
				7AD3489A2FBAA908001AB81D /* frontendUITests */,
			);
			name = frontendUITests;
			packageProductDependencies = (
			);
			productName = frontendUITests;
			productReference = 7AD348972FBAA908001AB81D /* frontendUITests.xctest */;
			productType = "com.apple.product-type.bundle.ui-testing";
		};
/* End PBXNativeTarget section */

/* Begin PBXProject section */
		7AD348752FBAA901001AB81D /* Project object */ = {
			isa = PBXProject;
			attributes = {
				BuildIndependentTargetsInParallel = 1;
				LastSwiftUpdateCheck = 1620;
				LastUpgradeCheck = 2650;
				TargetAttributes = {
					7AD3487C2FBAA902001AB81D = {
						CreatedOnToolsVersion = 16.2;
					};
					7AD3488C2FBAA908001AB81D = {
						CreatedOnToolsVersion = 16.2;
						TestTargetID = 7AD3487C2FBAA902001AB81D;
					};
					7AD348962FBAA908001AB81D = {
						CreatedOnToolsVersion = 16.2;
						TestTargetID = 7AD3487C2FBAA902001AB81D;
					};
				};
			};
			buildConfigurationList = 7AD348782FBAA901001AB81D /* Build configuration list for PBXProject "frontend" */;
			developmentRegion = en;
			hasScannedForEncodings = 0;
			knownRegions = (
				en,
				Base,
			);
			mainGroup = 7AD348742FBAA901001AB81D;
			minimizedProjectReferenceProxies = 1;
			packageReferences = (
				7A57DC0E2FBAB66A00E995BC /* XCRemoteSwiftPackageReference "firebase-ios-sdk" */,
				7A09D3AB2FBAC91B0014E4C2 /* XCRemoteSwiftPackageReference "GoogleSignIn-iOS" */,
			);
			preferredProjectObjectVersion = 77;
			productRefGroup = 7AD3487E2FBAA902001AB81D /* Products */;
			projectDirPath = "";
			projectRoot = "";
			targets = (
				7AD3487C2FBAA902001AB81D /* frontend */,
				7AD3488C2FBAA908001AB81D /* frontendTests */,
				7AD348962FBAA908001AB81D /* frontendUITests */,
			);
		};
/* End PBXProject section */

/* Begin PBXResourcesBuildPhase section */
		7AD3487B2FBAA902001AB81D /* Resources */ = {
			isa = PBXResourcesBuildPhase;
			buildActionMask = 2147483647;
			files = (
			);
			runOnlyForDeploymentPostprocessing = 0;
		};
		7AD3488B2FBAA908001AB81D /* Resources */ = {
			isa = PBXResourcesBuildPhase;
			buildActionMask = 2147483647;
			files = (
			);
			runOnlyForDeploymentPostprocessing = 0;
		};
		7AD348952FBAA908001AB81D /* Resources */ = {
			isa = PBXResourcesBuildPhase;
			buildActionMask = 2147483647;
			files = (
			);
			runOnlyForDeploymentPostprocessing = 0;
		};
/* End PBXResourcesBuildPhase section */

/* Begin PBXSourcesBuildPhase section */
		7AD348792FBAA902001AB81D /* Sources */ = {
			isa = PBXSourcesBuildPhase;
			buildActionMask = 2147483647;
			files = (
			);
			runOnlyForDeploymentPostprocessing = 0;
		};
		7AD348892FBAA908001AB81D /* Sources */ = {
			isa = PBXSourcesBuildPhase;
			buildActionMask = 2147483647;
			files = (
			);
			runOnlyForDeploymentPostprocessing = 0;
		};
		7AD348932FBAA908001AB81D /* Sources */ = {
			isa = PBXSourcesBuildPhase;
			buildActionMask = 2147483647;
			files = (
			);
			runOnlyForDeploymentPostprocessing = 0;
		};
/* End PBXSourcesBuildPhase section */

/* Begin PBXTargetDependency section */
		7AD3488F2FBAA908001AB81D /* PBXTargetDependency */ = {
			isa = PBXTargetDependency;
			target = 7AD3487C2FBAA902001AB81D /* frontend */;
			targetProxy = 7AD3488E2FBAA908001AB81D /* PBXContainerItemProxy */;
		};
		7AD348992FBAA908001AB81D /* PBXTargetDependency */ = {
			isa = PBXTargetDependency;
			target = 7AD3487C2FBAA902001AB81D /* frontend */;
			targetProxy = 7AD348982FBAA908001AB81D /* PBXContainerItemProxy */;
		};
/* End PBXTargetDependency section */

/* Begin XCBuildConfiguration section */
		7AD3489F2FBAA908001AB81D /* Debug */ = {
			isa = XCBuildConfiguration;
			buildSettings = {
				ALWAYS_SEARCH_USER_PATHS = NO;
				ASSETCATALOG_COMPILER_GENERATE_SWIFT_ASSET_SYMBOL_EXTENSIONS = YES;
				CLANG_ANALYZER_NONNULL = YES;
				CLANG_ANALYZER_NUMBER_OBJECT_CONVERSION = YES_AGGRESSIVE;
				CLANG_CXX_LANGUAGE_STANDARD = "gnu++20";
				CLANG_ENABLE_MODULES = YES;
				CLANG_ENABLE_OBJC_ARC = YES;
				CLANG_ENABLE_OBJC_WEAK = YES;
				CLANG_WARN_BLOCK_CAPTURE_AUTORELEASING = YES;
				CLANG_WARN_BOOL_CONVERSION = YES;
				CLANG_WARN_COMMA = YES;
				CLANG_WARN_CONSTANT_CONVERSION = YES;
				CLANG_WARN_DEPRECATED_OBJC_IMPLEMENTATIONS = YES;
				CLANG_WARN_DIRECT_OBJC_ISA_USAGE = YES_ERROR;
				CLANG_WARN_DOCUMENTATION_COMMENTS = YES;
				CLANG_WARN_EMPTY_BODY = YES;
				CLANG_WARN_ENUM_CONVERSION = YES;
				CLANG_WARN_INFINITE_RECURSION = YES;
				CLANG_WARN_INT_CONVERSION = YES;
				CLANG_WARN_NON_LITERAL_NULL_CONVERSION = YES;
				CLANG_WARN_OBJC_IMPLICIT_RETAIN_SELF = YES;
				CLANG_WARN_OBJC_LITERAL_CONVERSION = YES;
				CLANG_WARN_OBJC_ROOT_CLASS = YES_ERROR;
				CLANG_WARN_QUOTED_INCLUDE_IN_FRAMEWORK_HEADER = YES;
				CLANG_WARN_RANGE_LOOP_ANALYSIS = YES;
				CLANG_WARN_STRICT_PROTOTYPES = YES;
				CLANG_WARN_SUSPICIOUS_MOVE = YES;
				CLANG_WARN_UNGUARDED_AVAILABILITY = YES_AGGRESSIVE;
				CLANG_WARN_UNREACHABLE_CODE = YES;
				CLANG_WARN__DUPLICATE_METHOD_MATCH = YES;
				COPY_PHASE_STRIP = NO;
				DEBUG_INFORMATION_FORMAT = dwarf;
				ENABLE_STRICT_OBJC_MSGSEND = YES;
				ENABLE_TESTABILITY = YES;
				ENABLE_USER_SCRIPT_SANDBOXING = YES;
				GCC_C_LANGUAGE_STANDARD = gnu17;
				GCC_DYNAMIC_NO_PIC = NO;
				GCC_NO_COMMON_BLOCKS = YES;
				GCC_OPTIMIZATION_LEVEL = 0;
				GCC_PREPROCESSOR_DEFINITIONS = (
					"DEBUG=1",
					"$(inherited)",
				);
				GCC_WARN_64_TO_32_BIT_CONVERSION = YES;
				GCC_WARN_ABOUT_RETURN_TYPE = YES_ERROR;
				GCC_WARN_UNDECLARED_SELECTOR = YES;
				GCC_WARN_UNINITIALIZED_AUTOS = YES_AGGRESSIVE;
				GCC_WARN_UNUSED_FUNCTION = YES;
				GCC_WARN_UNUSED_VARIABLE = YES;
				IPHONEOS_DEPLOYMENT_TARGET = 18.2;
				LOCALIZATION_PREFERS_STRING_CATALOGS = YES;
				MTL_ENABLE_DEBUG_INFO = INCLUDE_SOURCE;
				MTL_FAST_MATH = YES;
				ONLY_ACTIVE_ARCH = YES;
				SDKROOT = iphoneos;
				STRING_CATALOG_GENERATE_SYMBOLS = YES;
				SWIFT_ACTIVE_COMPILATION_CONDITIONS = "DEBUG $(inherited)";
				SWIFT_OPTIMIZATION_LEVEL = "-Onone";
			};
			name = Debug;
		};
		7AD348A02FBAA908001AB81D /* Release */ = {
			isa = XCBuildConfiguration;
			buildSettings = {
				ALWAYS_SEARCH_USER_PATHS = NO;
				ASSETCATALOG_COMPILER_GENERATE_SWIFT_ASSET_SYMBOL_EXTENSIONS = YES;
				CLANG_ANALYZER_NONNULL = YES;
				CLANG_ANALYZER_NUMBER_OBJECT_CONVERSION = YES_AGGRESSIVE;
				CLANG_CXX_LANGUAGE_STANDARD = "gnu++20";
				CLANG_ENABLE_MODULES = YES;
				CLANG_ENABLE_OBJC_ARC = YES;
				CLANG_ENABLE_OBJC_WEAK = YES;
				CLANG_WARN_BLOCK_CAPTURE_AUTORELEASING = YES;
				CLANG_WARN_BOOL_CONVERSION = YES;
				CLANG_WARN_COMMA = YES;
				CLANG_WARN_CONSTANT_CONVERSION = YES;
				CLANG_WARN_DEPRECATED_OBJC_IMPLEMENTATIONS = YES;
				CLANG_WARN_DIRECT_OBJC_ISA_USAGE = YES_ERROR;
				CLANG_WARN_DOCUMENTATION_COMMENTS = YES;
				CLANG_WARN_EMPTY_BODY = YES;
				CLANG_WARN_ENUM_CONVERSION = YES;
				CLANG_WARN_INFINITE_RECURSION = YES;
				CLANG_WARN_INT_CONVERSION = YES;
				CLANG_WARN_NON_LITERAL_NULL_CONVERSION = YES;
				CLANG_WARN_OBJC_IMPLICIT_RETAIN_SELF = YES;
				CLANG_WARN_OBJC_LITERAL_CONVERSION = YES;
				CLANG_WARN_OBJC_ROOT_CLASS = YES_ERROR;
				CLANG_WARN_QUOTED_INCLUDE_IN_FRAMEWORK_HEADER = YES;
				CLANG_WARN_RANGE_LOOP_ANALYSIS = YES;
				CLANG_WARN_STRICT_PROTOTYPES = YES;
				CLANG_WARN_SUSPICIOUS_MOVE = YES;
				CLANG_WARN_UNGUARDED_AVAILABILITY = YES_AGGRESSIVE;
				CLANG_WARN_UNREACHABLE_CODE = YES;
				CLANG_WARN__DUPLICATE_METHOD_MATCH = YES;
				COPY_PHASE_STRIP = NO;
				DEBUG_INFORMATION_FORMAT = "dwarf-with-dsym";
				ENABLE_NS_ASSERTIONS = NO;
				ENABLE_STRICT_OBJC_MSGSEND = YES;
				ENABLE_USER_SCRIPT_SANDBOXING = YES;
				GCC_C_LANGUAGE_STANDARD = gnu17;
				GCC_NO_COMMON_BLOCKS = YES;
				GCC_WARN_64_TO_32_BIT_CONVERSION = YES;
				GCC_WARN_ABOUT_RETURN_TYPE = YES_ERROR;
				GCC_WARN_UNDECLARED_SELECTOR = YES;
				GCC_WARN_UNINITIALIZED_AUTOS = YES_AGGRESSIVE;
				GCC_WARN_UNUSED_FUNCTION = YES;
				GCC_WARN_UNUSED_VARIABLE = YES;
				IPHONEOS_DEPLOYMENT_TARGET = 18.2;
				LOCALIZATION_PREFERS_STRING_CATALOGS = YES;
				MTL_ENABLE_DEBUG_INFO = NO;
				MTL_FAST_MATH = YES;
				SDKROOT = iphoneos;
				STRING_CATALOG_GENERATE_SYMBOLS = YES;
				SWIFT_COMPILATION_MODE = wholemodule;
				VALIDATE_PRODUCT = YES;
			};
			name = Release;
		};
		7AD348A22FBAA908001AB81D /* Debug */ = {
			isa = XCBuildConfiguration;
			buildSettings = {
				ASSETCATALOG_COMPILER_APPICON_NAME = AppIcon;
				ASSETCATALOG_COMPILER_GLOBAL_ACCENT_COLOR_NAME = AccentColor;
				CODE_SIGN_STYLE = Automatic;
				CURRENT_PROJECT_VERSION = 1;
				DEVELOPMENT_ASSET_PATHS = "\"frontend/Preview Content\"";
				ENABLE_PREVIEWS = YES;
				GENERATE_INFOPLIST_FILE = YES;
				INFOPLIST_FILE = frontend/Info.plist;
				INFOPLIST_KEY_UIApplicationSceneManifest_Generation = YES;
				INFOPLIST_KEY_UIApplicationSupportsIndirectInputEvents = YES;
				INFOPLIST_KEY_UILaunchScreen_Generation = YES;
				INFOPLIST_KEY_UISupportedInterfaceOrientations_iPad = "UIInterfaceOrientationPortrait UIInterfaceOrientationPortraitUpsideDown UIInterfaceOrientationLandscapeLeft UIInterfaceOrientationLandscapeRight";
				INFOPLIST_KEY_UISupportedInterfaceOrientations_iPhone = "UIInterfaceOrientationPortrait UIInterfaceOrientationLandscapeLeft UIInterfaceOrientationLandscapeRight";
				LD_RUNPATH_SEARCH_PATHS = (
					"$(inherited)",
					"@executable_path/Frameworks",
				);
				MARKETING_VERSION = 1.0;
				PRODUCT_BUNDLE_IDENTIFIER = alexly;
				PRODUCT_NAME = "$(TARGET_NAME)";
				SUPPORTED_PLATFORMS = "iphoneos iphonesimulator";
				SUPPORTS_MACCATALYST = NO;
				SUPPORTS_MAC_DESIGNED_FOR_IPHONE_IPAD = NO;
				SUPPORTS_XR_DESIGNED_FOR_IPHONE_IPAD = NO;
				SWIFT_EMIT_LOC_STRINGS = YES;
				SWIFT_VERSION = 5.0;
				TARGETED_DEVICE_FAMILY = "1,2";
			};
			name = Debug;
		};
		7AD348A32FBAA908001AB81D /* Release */ = {
			isa = XCBuildConfiguration;
			buildSettings = {
				ASSETCATALOG_COMPILER_APPICON_NAME = AppIcon;
				ASSETCATALOG_COMPILER_GLOBAL_ACCENT_COLOR_NAME = AccentColor;
				CODE_SIGN_STYLE = Automatic;
				CURRENT_PROJECT_VERSION = 1;
				DEVELOPMENT_ASSET_PATHS = "\"frontend/Preview Content\"";
				ENABLE_PREVIEWS = YES;
				GENERATE_INFOPLIST_FILE = YES;
				INFOPLIST_FILE = frontend/Info.plist;
				INFOPLIST_KEY_UIApplicationSceneManifest_Generation = YES;
				INFOPLIST_KEY_UIApplicationSupportsIndirectInputEvents = YES;
				INFOPLIST_KEY_UILaunchScreen_Generation = YES;
				INFOPLIST_KEY_UISupportedInterfaceOrientations_iPad = "UIInterfaceOrientationPortrait UIInterfaceOrientationPortraitUpsideDown UIInterfaceOrientationLandscapeLeft UIInterfaceOrientationLandscapeRight";
				INFOPLIST_KEY_UISupportedInterfaceOrientations_iPhone = "UIInterfaceOrientationPortrait UIInterfaceOrientationLandscapeLeft UIInterfaceOrientationLandscapeRight";
				LD_RUNPATH_SEARCH_PATHS = (
					"$(inherited)",
					"@executable_path/Frameworks",
				);
				MARKETING_VERSION = 1.0;
				PRODUCT_BUNDLE_IDENTIFIER = alexly;
				PRODUCT_NAME = "$(TARGET_NAME)";
				SUPPORTED_PLATFORMS = "iphoneos iphonesimulator";
				SUPPORTS_MACCATALYST = NO;
				SUPPORTS_MAC_DESIGNED_FOR_IPHONE_IPAD = NO;
				SUPPORTS_XR_DESIGNED_FOR_IPHONE_IPAD = NO;
				SWIFT_EMIT_LOC_STRINGS = YES;
				SWIFT_VERSION = 5.0;
				TARGETED_DEVICE_FAMILY = "1,2";
			};
			name = Release;
		};
		7AD348A52FBAA908001AB81D /* Debug */ = {
			isa = XCBuildConfiguration;
			buildSettings = {
				BUNDLE_LOADER = "$(TEST_HOST)";
				CODE_SIGN_STYLE = Automatic;
				CURRENT_PROJECT_VERSION = 1;
				GENERATE_INFOPLIST_FILE = YES;
				IPHONEOS_DEPLOYMENT_TARGET = 18.2;
				MARKETING_VERSION = 1.0;
				PRODUCT_BUNDLE_IDENTIFIER = alexly.frontendTests;
				PRODUCT_NAME = "$(TARGET_NAME)";
				SWIFT_EMIT_LOC_STRINGS = NO;
				SWIFT_VERSION = 5.0;
				TARGETED_DEVICE_FAMILY = "1,2";
				TEST_HOST = "$(BUILT_PRODUCTS_DIR)/frontend.app/$(BUNDLE_EXECUTABLE_FOLDER_PATH)/frontend";
			};
			name = Debug;
		};
		7AD348A62FBAA908001AB81D /* Release */ = {
			isa = XCBuildConfiguration;
			buildSettings = {
				BUNDLE_LOADER = "$(TEST_HOST)";
				CODE_SIGN_STYLE = Automatic;
				CURRENT_PROJECT_VERSION = 1;
				GENERATE_INFOPLIST_FILE = YES;
				IPHONEOS_DEPLOYMENT_TARGET = 18.2;
				MARKETING_VERSION = 1.0;
				PRODUCT_BUNDLE_IDENTIFIER = alexly.frontendTests;
				PRODUCT_NAME = "$(TARGET_NAME)";
				SWIFT_EMIT_LOC_STRINGS = NO;
				SWIFT_VERSION = 5.0;
				TARGETED_DEVICE_FAMILY = "1,2";
				TEST_HOST = "$(BUILT_PRODUCTS_DIR)/frontend.app/$(BUNDLE_EXECUTABLE_FOLDER_PATH)/frontend";
			};
			name = Release;
		};
		7AD348A82FBAA908001AB81D /* Debug */ = {
			isa = XCBuildConfiguration;
			buildSettings = {
				CODE_SIGN_STYLE = Automatic;
				CURRENT_PROJECT_VERSION = 1;
				GENERATE_INFOPLIST_FILE = YES;
				MARKETING_VERSION = 1.0;
				PRODUCT_BUNDLE_IDENTIFIER = alexly.frontendUITests;
				PRODUCT_NAME = "$(TARGET_NAME)";
				SWIFT_EMIT_LOC_STRINGS = NO;
				SWIFT_VERSION = 5.0;
				TARGETED_DEVICE_FAMILY = "1,2";
				TEST_TARGET_NAME = frontend;
			};
			name = Debug;
		};
		7AD348A92FBAA908001AB81D /* Release */ = {
			isa = XCBuildConfiguration;
			buildSettings = {
				CODE_SIGN_STYLE = Automatic;
				CURRENT_PROJECT_VERSION = 1;
				GENERATE_INFOPLIST_FILE = YES;
				MARKETING_VERSION = 1.0;
				PRODUCT_BUNDLE_IDENTIFIER = alexly.frontendUITests;
				PRODUCT_NAME = "$(TARGET_NAME)";
				SWIFT_EMIT_LOC_STRINGS = NO;
				SWIFT_VERSION = 5.0;
				TARGETED_DEVICE_FAMILY = "1,2";
				TEST_TARGET_NAME = frontend;
			};
			name = Release;
		};
/* End XCBuildConfiguration section */

/* Begin XCConfigurationList section */
		7AD348782FBAA901001AB81D /* Build configuration list for PBXProject "frontend" */ = {
			isa = XCConfigurationList;
			buildConfigurations = (
				7AD3489F2FBAA908001AB81D /* Debug */,
				7AD348A02FBAA908001AB81D /* Release */,
			);
			defaultConfigurationIsVisible = 0;
			defaultConfigurationName = Release;
		};
		7AD348A12FBAA908001AB81D /* Build configuration list for PBXNativeTarget "frontend" */ = {
			isa = XCConfigurationList;
			buildConfigurations = (
				7AD348A22FBAA908001AB81D /* Debug */,
				7AD348A32FBAA908001AB81D /* Release */,
			);
			defaultConfigurationIsVisible = 0;
			defaultConfigurationName = Release;
		};
		7AD348A42FBAA908001AB81D /* Build configuration list for PBXNativeTarget "frontendTests" */ = {
			isa = XCConfigurationList;
			buildConfigurations = (
				7AD348A52FBAA908001AB81D /* Debug */,
				7AD348A62FBAA908001AB81D /* Release */,
			);
			defaultConfigurationIsVisible = 0;
			defaultConfigurationName = Release;
		};
		7AD348A72FBAA908001AB81D /* Build configuration list for PBXNativeTarget "frontendUITests" */ = {
			isa = XCConfigurationList;
			buildConfigurations = (
				7AD348A82FBAA908001AB81D /* Debug */,
				7AD348A92FBAA908001AB81D /* Release */,
			);
			defaultConfigurationIsVisible = 0;
			defaultConfigurationName = Release;
		};
/* End XCConfigurationList section */

/* Begin XCRemoteSwiftPackageReference section */
		7A09D3AB2FBAC91B0014E4C2 /* XCRemoteSwiftPackageReference "GoogleSignIn-iOS" */ = {
			isa = XCRemoteSwiftPackageReference;
			repositoryURL = "https://github.com/google/GoogleSignIn-iOS";
			requirement = {
				kind = upToNextMajorVersion;
				minimumVersion = 9.1.0;
			};
		};
		7A57DC0E2FBAB66A00E995BC /* XCRemoteSwiftPackageReference "firebase-ios-sdk" */ = {
			isa = XCRemoteSwiftPackageReference;
			repositoryURL = "https://github.com/firebase/firebase-ios-sdk";
			requirement = {
				kind = upToNextMajorVersion;
				minimumVersion = 12.13.0;
			};
		};
/* End XCRemoteSwiftPackageReference section */

/* Begin XCSwiftPackageProductDependency section */
		7A09D3B12FBACB500014E4C2 /* FirebaseCore */ = {
			isa = XCSwiftPackageProductDependency;
			package = 7A57DC0E2FBAB66A00E995BC /* XCRemoteSwiftPackageReference "firebase-ios-sdk" */;
			productName = FirebaseCore;
		};
		7A09D3B82FBAD07A0014E4C2 /* GoogleSignIn */ = {
			isa = XCSwiftPackageProductDependency;
			package = 7A09D3AB2FBAC91B0014E4C2 /* XCRemoteSwiftPackageReference "GoogleSignIn-iOS" */;
			productName = GoogleSignIn;
		};
		7A09D3BC2FBAD3100014E4C2 /* FirebaseAuth */ = {
			isa = XCSwiftPackageProductDependency;
			package = 7A57DC0E2FBAB66A00E995BC /* XCRemoteSwiftPackageReference "firebase-ios-sdk" */;
			productName = FirebaseAuth;
		};
/* End XCSwiftPackageProductDependency section */
	};
	rootObject = 7AD348752FBAA901001AB81D /* Project object */;
}
